
Microsoft Visual Studio Solution File, Format Version 12.00
# Visual Studio Version 17
VisualStudioVersion = 17.1.32210.238
MinimumVisualStudioVersion = 10.0.40219.1
Project("{FAE04EC0-301F-11D3-BF4B-00C04F79EFBC}") = "DepotDeck", "DepotDeck.csproj", "{411CF67E-C08F-4C6C-9C46-8358982D2DA6}"
EndProject
Project("{FAE04EC0-301F-11D3-BF4B-00C04F79EFBC}") = "DepotDeck.Core", "..\DepotDeck.Core\DepotDeck.Core.csproj", "{9EDDE512-D663-4DED-9C61-C7A6F4727711}"
EndProject
Project("{FAE04EC0-301F-11D3-BF4B-00C04F79EFBC}") = "DepotDeck.Infrastructure", "..\DepotDeck.Infrastructure\DepotDeck.Infrastructure.csproj", "{A2CF184B-44C9-41B2-B289-060C7930C242}"
EndProject
Global
	GlobalSection(SolutionConfigurationPlatforms) = preSolution
		Debug|Any CPU = Debug|Any CPU
		Release|Any CPU = Release|Any CPU
	EndGlobalSection
	GlobalSection(ProjectConfigurationPlatforms) = postSolution
		{411CF67E-C08F-4C6C-9C46-8358982D2DA6}.Debug|Any CPU.ActiveCfg = Debug|Any CPU
		{411CF67E-C08F-4C6C-9C46-8358982D2DA6}.Debug|Any CPU.Build.0 = Debug|Any CPU
		{411CF67E-C08F-4C6C-9C46-8358982D2DA6}.Release|Any CPU.ActiveCfg = Release|Any CPU
		{411CF67E-C08F-4C6C-9C46-8358982D2DA6}.Release|Any CPU.Build.0 = Release|Any CPU
		{9EDDE512-D663-4DED-9C61-C7A6F4727711}.Debug|Any CPU.ActiveCfg = Debug|Any CPU
		{9EDDE512-D663-4DED-9C61-C7A6F4727711}.Debug|Any CPU.Build.0 = Debug|Any CPU
		{9EDDE512-D663-4DED-9C61-C7A6F4727711}.Release|Any CPU.ActiveCfg = Release|Any CPU
		{9EDDE512-D663-4DED-9C61-C7A6F4727711}.Release|Any CPU.Build.0 = Release|Any CPU
		{A2CF184B-44C9-41B2-B289-060C7930C242}.Debug|Any CPU.ActiveCfg = Debug|Any CPU
		{A2CF184B-44C9-41B2-B289-060C7930C242}.Debug|Any CPU.Build.0 = Debug|Any CPU
		{A2CF184B-44C9-41B2-B289-060C7930C242}.Release|Any CPU.ActiveCfg = Release|Any CPU
		{A2CF184B-44C9-41B2-B289-060C7930C242}.Release|Any CPU.Build.0 = Release|Any CPU
	EndGlobalSection
	GlobalSection(SolutionProperties) = preSolution
		HideSolutionNode = FALSE
	EndGlobalSection
	GlobalSection(ExtensibilityGlobals) = postSolution
		SolutionGuid = {3E85B54C-DE5A-4804-9BC5-108B500CB97B}
	EndGlobalSection
EndGlobal
